
Microsoft Visual Studio Solution File, Format Version 12.00
# Visual Studio Version 17
VisualStudioVersion = 17.8.34322.80
MinimumVisualStudioVersion = 10.0.40219.1
Project("{FAE04EC0-301F-11D3-BF4B-00C04F79EFBC}") = "WorldQuakeViewer.Updater", "WorldQuakeViewer.Updater\WorldQuakeViewer.Updater.csproj", "{D379D7FD-4C52-4C4C-9E05-C383FCD4EC87}"
EndProject
Global
	GlobalSection(SolutionConfigurationPlatforms) = preSolution
		Debug|Any CPU = Debug|Any CPU
		Release|Any CPU = Release|Any CPU
	EndGlobalSection
	GlobalSection(ProjectConfigurationPlatforms) = postSolution
		{D379D7FD-4C52-4C4C-9E05-C383FCD4EC87}.Debug|Any CPU.ActiveCfg = Debug|Any CPU
		{D379D7FD-4C52-4C4C-9E05-C383FCD4EC87}.Debug|Any CPU.Build.0 = Debug|Any CPU
		{D379D7FD-4C52-4C4C-9E05-C383FCD4EC87}.Release|Any CPU.ActiveCfg = Release|Any CPU
		{D379D7FD-4C52-4C4C-9E05-C383FCD4EC87}.Release|Any CPU.Build.0 = Release|Any CPU
	EndGlobalSection
	GlobalSection(SolutionProperties) = preSolution
		HideSolutionNode = FALSE
	EndGlobalSection
	GlobalSection(ExtensibilityGlobals) = postSolution
		SolutionGuid = {57A0943A-61E6-4743-B5FA-C01ADA06D8AC}
	EndGlobalSection
EndGlobal
